
Microsoft Visual Studio Solution File, Format Version 12.00
# Visual Studio Version 16
VisualStudioVersion = 16.0.31321.278
MinimumVisualStudioVersion = 10.0.40219.1
Project("{FAE04EC0-301F-11D3-BF4B-00C04F79EFBC}") = "SharpLooper", "SharpLooper\SharpLooper.csproj", "{11FD77AE-42FA-4E97-8989-89ABCD176798}"
EndProject
Global
	GlobalSection(SolutionConfigurationPlatforms) = preSolution
		Debug|Any CPU = Debug|Any CPU
		Release|Any CPU = Release|Any CPU
	EndGlobalSection
	GlobalSection(ProjectConfigurationPlatforms) = postSolution
		{11FD77AE-42FA-4E97-8989-89ABCD176798}.Debug|Any CPU.ActiveCfg = Debug|Any CPU
		{11FD77AE-42FA-4E97-8989-89ABCD176798}.Debug|Any CPU.Build.0 = Debug|Any CPU
		{11FD77AE-42FA-4E97-8989-89ABCD176798}.Release|Any CPU.ActiveCfg = Release|Any CPU
		{11FD77AE-42FA-4E97-8989-89ABCD176798}.Release|Any CPU.Build.0 = Release|Any CPU
	EndGlobalSection
	GlobalSection(SolutionProperties) = preSolution
		HideSolutionNode = FALSE
	EndGlobalSection
	GlobalSection(ExtensibilityGlobals) = postSolution
		SolutionGuid = {FF900F6D-1707-4849-AD25-8E655BF5C933}
	EndGlobalSection
EndGlobal
